{
  "version": 4,
  "terraform_version": "1.0.11",
  "serial": 3,
  "lineage": "f792df3c-2a30-6635-c4db-4c181d30c51d",
  "outputs": {},
  "resources": [
    {
      "mode": "data",
      "type": "azurerm_client_config",
      "name": "current",
      "provider": "provider[\"registry.terraform.io/hashicorp/azurerm\"]",
      "instances": [
        {
          "schema_version": 0,
          "attributes": {
            "client_id": "aee5bdc0-8389-4c04-ba51-fb2ef1fe2189",
            "id": "Y2xpZW50Q29uZmlncy9jbGllbnRJZD1hZWU1YmRjMC04Mzg5LTRjMDQtYmE1MS1mYjJlZjFmZTIxODk7b2JqZWN0SWQ9Y2E2MDcxMjQtZDYxNy00NzhmLThlMDItYzNiNWE2ZDc3YzU0O3N1YnNjcmlwdGlvbklkPWY3ZDNjMzZhLWI2ZmMtNDA5NS05OGY5LTc4M2QwMTJiNGNmMjt0ZW5hbnRJZD00MWY4OGVjYi1jYTYzLTQwNGQtOTdkZC1hYjBhMTY5ZmQxMzg=",
            "object_id": "ca607124-d617-478f-8e02-c3b5a6d77c54",
            "subscription_id": "f7d3c36a-b6fc-4095-98f9-783d012b4cf2",
            "tenant_id": "41f88ecb-ca63-404d-97dd-ab0a169fd138",
            "timeouts": null
          },
          "sensitive_attributes": []
        }
      ]
    },
    {
      "mode": "managed",
      "type": "azurerm_key_vault",
      "name": "test-kv-terraZure",
      "provider": "provider[\"registry.terraform.io/hashicorp/azurerm\"]",
      "instances": [
        {
          "schema_version": 2,
          "attributes": {
            "access_policy": [],
            "contact": [],
            "enable_rbac_authorization": true,
            "enabled_for_deployment": false,
            "enabled_for_disk_encryption": true,
            "enabled_for_template_deployment": false,
            "id": "/subscriptions/f7d3c36a-b6fc-4095-98f9-783d012b4cf2/resourceGroups/test-rg-terraZure/providers/Microsoft.KeyVault/vaults/test-kv-terraZure",
            "location": "westus2",
            "name": "test-kv-terraZure",
            "network_acls": [
              {
                "bypass": "AzureServices",
                "default_action": "Allow",
                "ip_rules": [],
                "virtual_network_subnet_ids": []
              }
            ],
            "public_network_access_enabled": true,
            "purge_protection_enabled": false,
            "resource_group_name": "test-rg-terraZure",
            "sku_name": "standard",
            "soft_delete_retention_days": 7,
            "tags": null,
            "tenant_id": "41f88ecb-ca63-404d-97dd-ab0a169fd138",
            "timeouts": null,
            "vault_uri": "https://test-kv-terrazure.vault.azure.net/"
          },
          "sensitive_attributes": [],
          "private": "eyJlMmJmYjczMC1lY2FhLTExZTYtOGY4OC0zNDM2M2JjN2M0YzAiOnsiY3JlYXRlIjoxODAwMDAwMDAwMDAwLCJkZWxldGUiOjE4MDAwMDAwMDAwMDAsInJlYWQiOjMwMDAwMDAwMDAwMCwidXBkYXRlIjoxODAwMDAwMDAwMDAwfSwic2NoZW1hX3ZlcnNpb24iOiIyIn0=",
          "dependencies": [
            "data.azurerm_client_config.current"
          ]
        }
      ]
    },
    {
      "mode": "managed",
      "type": "azurerm_resource_group",
      "name": "test-rg-terraZure",
      "provider": "provider[\"registry.terraform.io/hashicorp/azurerm\"]",
      "instances": [
        {
          "schema_version": 0,
          "attributes": {
            "id": "/subscriptions/f7d3c36a-b6fc-4095-98f9-783d012b4cf2/resourceGroups/test-rg-terraZure",
            "location": "westus2",
            "managed_by": "",
            "name": "test-rg-terraZure",
            "tags": {},
            "timeouts": null
          },
          "sensitive_attributes": [],
          "private": "eyJlMmJmYjczMC1lY2FhLTExZTYtOGY4OC0zNDM2M2JjN2M0YzAiOnsiY3JlYXRlIjo1NDAwMDAwMDAwMDAwLCJkZWxldGUiOjU0MDAwMDAwMDAwMDAsInJlYWQiOjMwMDAwMDAwMDAwMCwidXBkYXRlIjo1NDAwMDAwMDAwMDAwfX0="
        }
      ]
    }
  ]
}
